// !$*UTF8*$!
{
	archiveVersion = 1;
	classes = {
	};
	objectVersion = 55;
	objects = {

/* Begin PBXBuildFile section */
		52392B702813E9A700D2F971 /* StaticViewController.swift in Sources */ = {isa = PBXBuildFile; fileRef = 52392B6F2813E9A700D2F971 /* StaticViewController.swift */; };
		52392B722813FBE000D2F971 /* UILabel + Extension.swift in Sources */ = {isa = PBXBuildFile; fileRef = 52392B712813FBE000D2F971 /* UILabel + Extension.swift */; };
		52392B752814030A00D2F971 /* StatisticTableViewCell.swift in Sources */ = {isa = PBXBuildFile; fileRef = 52392B742814030A00D2F971 /* StatisticTableViewCell.swift */; };
		52392B772814634900D2F971 /* MainTabBarController.swift in Sources */ = {isa = PBXBuildFile; fileRef = 52392B762814634900D2F971 /* MainTabBarController.swift */; };
		52392B7928146A0A00D2F971 /* NewWorkoutViewController.swift in Sources */ = {isa = PBXBuildFile; fileRef = 52392B7828146A0A00D2F971 /* NewWorkoutViewController.swift */; };
		52392B7C28152DEF00D2F971 /* DateAndRepeatView.swift in Sources */ = {isa = PBXBuildFile; fileRef = 52392B7B28152DEF00D2F971 /* DateAndRepeatView.swift */; };
		52392B7E28152E0A00D2F971 /* RepsOrTimeView.swift in Sources */ = {isa = PBXBuildFile; fileRef = 52392B7D28152E0A00D2F971 /* RepsOrTimeView.swift */; };
		52392B85281676BB00D2F971 /* WorkoutModel.swift in Sources */ = {isa = PBXBuildFile; fileRef = 52392B84281676BB00D2F971 /* WorkoutModel.swift */; };
		52392B882816798200D2F971 /* RealmManager.swift in Sources */ = {isa = PBXBuildFile; fileRef = 52392B872816798200D2F971 /* RealmManager.swift */; };
		52392B8A281697BD00D2F971 /* Date + Extencion.swift in Sources */ = {isa = PBXBuildFile; fileRef = 52392B89281697BD00D2F971 /* Date + Extencion.swift */; };
		52392B8D2816BE4E00D2F971 /* SimpleAlert.swift in Sources */ = {isa = PBXBuildFile; fileRef = 52392B8C2816BE4E00D2F971 /* SimpleAlert.swift */; };
		52AA266028116BC20028CCCC /* AppDelegate.swift in Sources */ = {isa = PBXBuildFile; fileRef = 52AA265F28116BC20028CCCC /* AppDelegate.swift */; };
		52AA266228116BC20028CCCC /* SceneDelegate.swift in Sources */ = {isa = PBXBuildFile; fileRef = 52AA266128116BC20028CCCC /* SceneDelegate.swift */; };
		52AA266428116BC20028CCCC /* MainViewController.swift in Sources */ = {isa = PBXBuildFile; fileRef = 52AA266328116BC20028CCCC /* MainViewController.swift */; };
		52AA266928116BC40028CCCC /* Assets.xcassets in Resources */ = {isa = PBXBuildFile; fileRef = 52AA266828116BC40028CCCC /* Assets.xcassets */; };
		52AA266C28116BC40028CCCC /* LaunchScreen.storyboard in Resources */ = {isa = PBXBuildFile; fileRef = 52AA266A28116BC40028CCCC /* LaunchScreen.storyboard */; };
		52AA267A28117EEE0028CCCC /* CalendarView.swift in Sources */ = {isa = PBXBuildFile; fileRef = 52AA267928117EED0028CCCC /* CalendarView.swift */; };
		52AA267C2811B3E30028CCCC /* WeatherView.swift in Sources */ = {isa = PBXBuildFile; fileRef = 52AA267B2811B3E30028CCCC /* WeatherView.swift */; };
		52AA267F2812AD350028CCCC /* UIColor + Extensions.swift in Sources */ = {isa = PBXBuildFile; fileRef = 52AA267E2812AD350028CCCC /* UIColor + Extensions.swift */; };
		52AA26812812AD520028CCCC /* UIFont + Extension.swift in Sources */ = {isa = PBXBuildFile; fileRef = 52AA26802812AD520028CCCC /* UIFont + Extension.swift */; };
		52AA26842812B1930028CCCC /* Roboto-Bold.ttf in Resources */ = {isa = PBXBuildFile; fileRef = 52AA26832812B1930028CCCC /* Roboto-Bold.ttf */; };
		52AA26862812B1AC0028CCCC /* Roboto-Medium.ttf in Resources */ = {isa = PBXBuildFile; fileRef = 52AA26852812B1AC0028CCCC /* Roboto-Medium.ttf */; };
		52AA26882812B4730028CCCC /* UIView + Extensions.swift in Sources */ = {isa = PBXBuildFile; fileRef = 52AA26872812B4730028CCCC /* UIView + Extensions.swift */; };
		52D921DD2813050A005A7FF5 /* CallendarCollectionViewCell.swift in Sources */ = {isa = PBXBuildFile; fileRef = 52D921DC2813050A005A7FF5 /* CallendarCollectionViewCell.swift */; };
		52D921DF2813200D005A7FF5 /* WorkautTableViewCell.swift in Sources */ = {isa = PBXBuildFile; fileRef = 52D921DE2813200D005A7FF5 /* WorkautTableViewCell.swift */; };
		52D921E12813276B005A7FF5 /* UIStackView + Extension.swift in Sources */ = {isa = PBXBuildFile; fileRef = 52D921E02813276B005A7FF5 /* UIStackView + Extension.swift */; };
		88925ACFD7534DB0DE8C19DD /* Pods_MyWorkout.framework in Frameworks */ = {isa = PBXBuildFile; fileRef = 19CD875F3F8AF66FE8D50489 /* Pods_MyWorkout.framework */; };
/* End PBXBuildFile section */

/* Begin PBXFileReference section */
		06A18814F2004BB97796679B /* Pods-MyWorkout.debug.xcconfig */ = {isa = PBXFileReference; includeInIndex = 1; lastKnownFileType = text.xcconfig; name = "Pods-MyWorkout.debug.xcconfig"; path = "Target Support Files/Pods-MyWorkout/Pods-MyWorkout.debug.xcconfig"; sourceTree = "<group>"; };
		19CD875F3F8AF66FE8D50489 /* Pods_MyWorkout.framework */ = {isa = PBXFileReference; explicitFileType = wrapper.framework; includeInIndex = 0; path = Pods_MyWorkout.framework; sourceTree = BUILT_PRODUCTS_DIR; };
		2B0FA2ACAB4CF6D556D78018 /* Pods-MyWorkout.release.xcconfig */ = {isa = PBXFileReference; includeInIndex = 1; lastKnownFileType = text.xcconfig; name = "Pods-MyWorkout.release.xcconfig"; path = "Target Support Files/Pods-MyWorkout/Pods-MyWorkout.release.xcconfig"; sourceTree = "<group>"; };
		52392B6F2813E9A700D2F971 /* StaticViewController.swift */ = {isa = PBXFileReference; lastKnownFileType = sourcecode.swift; path = StaticViewController.swift; sourceTree = "<group>"; };
		52392B712813FBE000D2F971 /* UILabel + Extension.swift */ = {isa = PBXFileReference; lastKnownFileType = sourcecode.swift; path = "UILabel + Extension.swift"; sourceTree = "<group>"; };
		52392B742814030A00D2F971 /* StatisticTableViewCell.swift */ = {isa = PBXFileReference; lastKnownFileType = sourcecode.swift; path = StatisticTableViewCell.swift; sourceTree = "<group>"; };
		52392B762814634900D2F971 /* MainTabBarController.swift */ = {isa = PBXFileReference; lastKnownFileType = sourcecode.swift; path = MainTabBarController.swift; sourceTree = "<group>"; };
		52392B7828146A0A00D2F971 /* NewWorkoutViewController.swift */ = {isa = PBXFileReference; lastKnownFileType = sourcecode.swift; path = NewWorkoutViewController.swift; sourceTree = "<group>"; };
		52392B7B28152DEF00D2F971 /* DateAndRepeatView.swift */ = {isa = PBXFileReference; lastKnownFileType = sourcecode.swift; path = DateAndRepeatView.swift; sourceTree = "<group>"; };
		52392B7D28152E0A00D2F971 /* RepsOrTimeView.swift */ = {isa = PBXFileReference; lastKnownFileType = sourcecode.swift; path = RepsOrTimeView.swift; sourceTree = "<group>"; };
		52392B84281676BB00D2F971 /* WorkoutModel.swift */ = {isa = PBXFileReference; lastKnownFileType = sourcecode.swift; path = WorkoutModel.swift; sourceTree = "<group>"; };
		52392B872816798200D2F971 /* RealmManager.swift */ = {isa = PBXFileReference; lastKnownFileType = sourcecode.swift; path = RealmManager.swift; sourceTree = "<group>"; };
		52392B89281697BD00D2F971 /* Date + Extencion.swift */ = {isa = PBXFileReference; lastKnownFileType = sourcecode.swift; path = "Date + Extencion.swift"; sourceTree = "<group>"; };
		52392B8C2816BE4E00D2F971 /* SimpleAlert.swift */ = {isa = PBXFileReference; lastKnownFileType = sourcecode.swift; path = SimpleAlert.swift; sourceTree = "<group>"; };
		52AA265C28116BC20028CCCC /* MyWorkout.app */ = {isa = PBXFileReference; explicitFileType = wrapper.application; includeInIndex = 0; path = MyWorkout.app; sourceTree = BUILT_PRODUCTS_DIR; };
		52AA265F28116BC20028CCCC /* AppDelegate.swift */ = {isa = PBXFileReference; lastKnownFileType = sourcecode.swift; path = AppDelegate.swift; sourceTree = "<group>"; };
		52AA266128116BC20028CCCC /* SceneDelegate.swift */ = {isa = PBXFileReference; lastKnownFileType = sourcecode.swift; path = SceneDelegate.swift; sourceTree = "<group>"; };
		52AA266328116BC20028CCCC /* MainViewController.swift */ = {isa = PBXFileReference; lastKnownFileType = sourcecode.swift; path = MainViewController.swift; sourceTree = "<group>"; };
		52AA266828116BC40028CCCC /* Assets.xcassets */ = {isa = PBXFileReference; lastKnownFileType = folder.assetcatalog; path = Assets.xcassets; sourceTree = "<group>"; };
		52AA266B28116BC40028CCCC /* Base */ = {isa = PBXFileReference; lastKnownFileType = file.storyboard; name = Base; path = Base.lproj/LaunchScreen.storyboard; sourceTree = "<group>"; };
		52AA266D28116BC40028CCCC /* Info.plist */ = {isa = PBXFileReference; lastKnownFileType = text.plist.xml; path = Info.plist; sourceTree = "<group>"; };
		52AA267928117EED0028CCCC /* CalendarView.swift */ = {isa = PBXFileReference; lastKnownFileType = sourcecode.swift; path = CalendarView.swift; sourceTree = "<group>"; };
		52AA267B2811B3E30028CCCC /* WeatherView.swift */ = {isa = PBXFileReference; lastKnownFileType = sourcecode.swift; path = WeatherView.swift; sourceTree = "<group>"; };
		52AA267E2812AD350028CCCC /* UIColor + Extensions.swift */ = {isa = PBXFileReference; lastKnownFileType = sourcecode.swift; path = "UIColor + Extensions.swift"; sourceTree = "<group>"; };
		52AA26802812AD520028CCCC /* UIFont + Extension.swift */ = {isa = PBXFileReference; lastKnownFileType = sourcecode.swift; path = "UIFont + Extension.swift"; sourceTree = "<group>"; };
		52AA26832812B1930028CCCC /* Roboto-Bold.ttf */ = {isa = PBXFileReference; lastKnownFileType = file; path = "Roboto-Bold.ttf"; sourceTree = "<group>"; };
		52AA26852812B1AC0028CCCC /* Roboto-Medium.ttf */ = {isa = PBXFileReference; lastKnownFileType = file; path = "Roboto-Medium.ttf"; sourceTree = "<group>"; };
		52AA26872812B4730028CCCC /* UIView + Extensions.swift */ = {isa = PBXFileReference; lastKnownFileType = sourcecode.swift; path = "UIView + Extensions.swift"; sourceTree = "<group>"; };
		52D921DC2813050A005A7FF5 /* CallendarCollectionViewCell.swift */ = {isa = PBXFileReference; lastKnownFileType = sourcecode.swift; path = CallendarCollectionViewCell.swift; sourceTree = "<group>"; };
		52D921DE2813200D005A7FF5 /* WorkautTableViewCell.swift */ = {isa = PBXFileReference; lastKnownFileType = sourcecode.swift; path = WorkautTableViewCell.swift; sourceTree = "<group>"; };
		52D921E02813276B005A7FF5 /* UIStackView + Extension.swift */ = {isa = PBXFileReference; lastKnownFileType = sourcecode.swift; path = "UIStackView + Extension.swift"; sourceTree = "<group>"; };
/* End PBXFileReference section */

/* Begin PBXFrameworksBuildPhase section */
		52AA265928116BC20028CCCC /* Frameworks */ = {
			isa = PBXFrameworksBuildPhase;
			buildActionMask = 2147483647;
			files = (
				88925ACFD7534DB0DE8C19DD /* Pods_MyWorkout.framework in Frameworks */,
			);
			runOnlyForDeploymentPostprocessing = 0;
		};
/* End PBXFrameworksBuildPhase section */

/* Begin PBXGroup section */
		3557383DAA5A572342D07744 /* Pods */ = {
			isa = PBXGroup;
			children = (
				06A18814F2004BB97796679B /* Pods-MyWorkout.debug.xcconfig */,
				2B0FA2ACAB4CF6D556D78018 /* Pods-MyWorkout.release.xcconfig */,
			);
			path = Pods;
			sourceTree = "<group>";
		};
		48B1319C6BD3D2CCE437C265 /* Frameworks */ = {
			isa = PBXGroup;
			children = (
				19CD875F3F8AF66FE8D50489 /* Pods_MyWorkout.framework */,
			);
			name = Frameworks;
			sourceTree = "<group>";
		};
		52392B73281402DC00D2F971 /* StatisticVC */ = {
			isa = PBXGroup;
			children = (
				52392B742814030A00D2F971 /* StatisticTableViewCell.swift */,
			);
			path = StatisticVC;
			sourceTree = "<group>";
		};
		52392B7A28152D6900D2F971 /* NewWorkoutVC */ = {
			isa = PBXGroup;
			children = (
				52392B7B28152DEF00D2F971 /* DateAndRepeatView.swift */,
				52392B7D28152E0A00D2F971 /* RepsOrTimeView.swift */,
			);
			path = NewWorkoutVC;
			sourceTree = "<group>";
		};
		52392B862816795600D2F971 /* Services */ = {
			isa = PBXGroup;
			children = (
				52392B872816798200D2F971 /* RealmManager.swift */,
			);
			path = Services;
			sourceTree = "<group>";
		};
		52392B8B2816BE1E00D2F971 /* Alerts */ = {
			isa = PBXGroup;
			children = (
				52392B8C2816BE4E00D2F971 /* SimpleAlert.swift */,
			);
			path = Alerts;
			sourceTree = "<group>";
		};
		52AA265328116BC20028CCCC = {
			isa = PBXGroup;
			children = (
				52AA265E28116BC20028CCCC /* MyWorkout */,
				52AA265D28116BC20028CCCC /* Products */,
				3557383DAA5A572342D07744 /* Pods */,
				48B1319C6BD3D2CCE437C265 /* Frameworks */,
			);
			sourceTree = "<group>";
		};
		52AA265D28116BC20028CCCC /* Products */ = {
			isa = PBXGroup;
			children = (
				52AA265C28116BC20028CCCC /* MyWorkout.app */,
			);
			name = Products;
			sourceTree = "<group>";
		};
		52AA265E28116BC20028CCCC /* MyWorkout */ = {
			isa = PBXGroup;
			children = (
				52AA267328116E170028CCCC /* Application */,
				52AA267628116E620028CCCC /* Controller */,
				52AA267428116E340028CCCC /* View */,
				52392B8B2816BE1E00D2F971 /* Alerts */,
				52392B862816795600D2F971 /* Services */,
				52AA267D2812ACD10028CCCC /* Extension */,
				52AA267528116E580028CCCC /* Models */,
				52AA267728116EF20028CCCC /* Resources */,
			);
			path = MyWorkout;
			sourceTree = "<group>";
		};
		52AA267328116E170028CCCC /* Application */ = {
			isa = PBXGroup;
			children = (
				52AA265F28116BC20028CCCC /* AppDelegate.swift */,
				52AA266128116BC20028CCCC /* SceneDelegate.swift */,
			);
			path = Application;
			sourceTree = "<group>";
		};
		52AA267428116E340028CCCC /* View */ = {
			isa = PBXGroup;
			children = (
				52AA267828117EC90028CCCC /* MainVC */,
			);
			path = View;
			sourceTree = "<group>";
		};
		52AA267528116E580028CCCC /* Models */ = {
			isa = PBXGroup;
			children = (
				52392B84281676BB00D2F971 /* WorkoutModel.swift */,
			);
			path = Models;
			sourceTree = "<group>";
		};
		52AA267628116E620028CCCC /* Controller */ = {
			isa = PBXGroup;
			children = (
				52392B762814634900D2F971 /* MainTabBarController.swift */,
				52AA266328116BC20028CCCC /* MainViewController.swift */,
				52392B6F2813E9A700D2F971 /* StaticViewController.swift */,
				52392B7828146A0A00D2F971 /* NewWorkoutViewController.swift */,
			);
			path = Controller;
			sourceTree = "<group>";
		};
		52AA267728116EF20028CCCC /* Resources */ = {
			isa = PBXGroup;
			children = (
				52AA26822812AD990028CCCC /* Fonts */,
				52AA266828116BC40028CCCC /* Assets.xcassets */,
				52AA266A28116BC40028CCCC /* LaunchScreen.storyboard */,
				52AA266D28116BC40028CCCC /* Info.plist */,
			);
			path = Resources;
			sourceTree = "<group>";
		};
		52AA267828117EC90028CCCC /* MainVC */ = {
			isa = PBXGroup;
			children = (
				52392B7A28152D6900D2F971 /* NewWorkoutVC */,
				52392B73281402DC00D2F971 /* StatisticVC */,
				52D921DB281304DF005A7FF5 /* Cells */,
				52AA267928117EED0028CCCC /* CalendarView.swift */,
				52AA267B2811B3E30028CCCC /* WeatherView.swift */,
			);
			path = MainVC;
			sourceTree = "<group>";
		};
		52AA267D2812ACD10028CCCC /* Extension */ = {
			isa = PBXGroup;
			children = (
				52AA267E2812AD350028CCCC /* UIColor + Extensions.swift */,
				52AA26802812AD520028CCCC /* UIFont + Extension.swift */,
				52AA26872812B4730028CCCC /* UIView + Extensions.swift */,
				52D921E02813276B005A7FF5 /* UIStackView + Extension.swift */,
				52392B712813FBE000D2F971 /* UILabel + Extension.swift */,
				52392B89281697BD00D2F971 /* Date + Extencion.swift */,
			);
			path = Extension;
			sourceTree = "<group>";
		};
		52AA26822812AD990028CCCC /* Fonts */ = {
			isa = PBXGroup;
			children = (
				52AA26832812B1930028CCCC /* Roboto-Bold.ttf */,
				52AA26852812B1AC0028CCCC /* Roboto-Medium.ttf */,
			);
			path = Fonts;
			sourceTree = "<group>";
		};
		52D921DB281304DF005A7FF5 /* Cells */ = {
			isa = PBXGroup;
			children = (
				52D921DC2813050A005A7FF5 /* CallendarCollectionViewCell.swift */,
				52D921DE2813200D005A7FF5 /* WorkautTableViewCell.swift */,
			);
			path = Cells;
			sourceTree = "<group>";
		};
/* End PBXGroup section */

/* Begin PBXNativeTarget section */
		52AA265B28116BC20028CCCC /* MyWorkout */ = {
			isa = PBXNativeTarget;
			buildConfigurationList = 52AA267028116BC40028CCCC /* Build configuration list for PBXNativeTarget "MyWorkout" */;
			buildPhases = (
				6FE09B9A3ED3F499BF39124E /* [CP] Check Pods Manifest.lock */,
				52AA265828116BC20028CCCC /* Sources */,
				52AA265928116BC20028CCCC /* Frameworks */,
				52AA265A28116BC20028CCCC /* Resources */,
				D8017BE08AFDF434BBE052F8 /* [CP] Embed Pods Frameworks */,
			);
			buildRules = (
			);
			dependencies = (
			);
			name = MyWorkout;
			productName = MyWorkout;
			productReference = 52AA265C28116BC20028CCCC /* MyWorkout.app */;
			productType = "com.apple.product-type.application";
		};
/* End PBXNativeTarget section */

/* Begin PBXProject section */
		52AA265428116BC20028CCCC /* Project object */ = {
			isa = PBXProject;
			attributes = {
				BuildIndependentTargetsInParallel = 1;
				LastSwiftUpdateCheck = 1310;
				LastUpgradeCheck = 1310;
				TargetAttributes = {
					52AA265B28116BC20028CCCC = {
						CreatedOnToolsVersion = 13.1;
					};
				};
			};
			buildConfigurationList = 52AA265728116BC20028CCCC /* Build configuration list for PBXProject "MyWorkout" */;
			compatibilityVersion = "Xcode 13.0";
			developmentRegion = en;
			hasScannedForEncodings = 0;
			knownRegions = (
				en,
				Base,
			);
			mainGroup = 52AA265328116BC20028CCCC;
			productRefGroup = 52AA265D28116BC20028CCCC /* Products */;
			projectDirPath = "";
			projectRoot = "";
			targets = (
				52AA265B28116BC20028CCCC /* MyWorkout */,
			);
		};
/* End PBXProject section */

/* Begin PBXResourcesBuildPhase section */
		52AA265A28116BC20028CCCC /* Resources */ = {
			isa = PBXResourcesBuildPhase;
			buildActionMask = 2147483647;
			files = (
				52AA26862812B1AC0028CCCC /* Roboto-Medium.ttf in Resources */,
				52AA266C28116BC40028CCCC /* LaunchScreen.storyboard in Resources */,
				52AA266928116BC40028CCCC /* Assets.xcassets in Resources */,
				52AA26842812B1930028CCCC /* Roboto-Bold.ttf in Resources */,
			);
			runOnlyForDeploymentPostprocessing = 0;
		};
/* End PBXResourcesBuildPhase section */

/* Begin PBXShellScriptBuildPhase section */
		6FE09B9A3ED3F499BF39124E /* [CP] Check Pods Manifest.lock */ = {
			isa = PBXShellScriptBuildPhase;
			buildActionMask = 2147483647;
			files = (
			);
			inputFileListPaths = (
			);
			inputPaths = (
				"${PODS_PODFILE_DIR_PATH}/Podfile.lock",
				"${PODS_ROOT}/Manifest.lock",
			);
			name = "[CP] Check Pods Manifest.lock";
			outputFileListPaths = (
			);
			outputPaths = (
				"$(DERIVED_FILE_DIR)/Pods-MyWorkout-checkManifestLockResult.txt",
			);
			runOnlyForDeploymentPostprocessing = 0;
			shellPath = /bin/sh;
			shellScript = "diff \"${PODS_PODFILE_DIR_PATH}/Podfile.lock\" \"${PODS_ROOT}/Manifest.lock\" > /dev/null\nif [ $? != 0 ] ; then\n    # print error to STDERR\n    echo \"error: The sandbox is not in sync with the Podfile.lock. Run 'pod install' or update your CocoaPods installation.\" >&2\n    exit 1\nfi\n# This output is used by Xcode 'outputs' to avoid re-running this script phase.\necho \"SUCCESS\" > \"${SCRIPT_OUTPUT_FILE_0}\"\n";
			showEnvVarsInLog = 0;
		};
		D8017BE08AFDF434BBE052F8 /* [CP] Embed Pods Frameworks */ = {
			isa = PBXShellScriptBuildPhase;
			buildActionMask = 2147483647;
			files = (
			);
			inputFileListPaths = (
				"${PODS_ROOT}/Target Support Files/Pods-MyWorkout/Pods-MyWorkout-frameworks-${CONFIGURATION}-input-files.xcfilelist",
			);
			name = "[CP] Embed Pods Frameworks";
			outputFileListPaths = (
				"${PODS_ROOT}/Target Support Files/Pods-MyWorkout/Pods-MyWorkout-frameworks-${CONFIGURATION}-output-files.xcfilelist",
			);
			runOnlyForDeploymentPostprocessing = 0;
			shellPath = /bin/sh;
			shellScript = "\"${PODS_ROOT}/Target Support Files/Pods-MyWorkout/Pods-MyWorkout-frameworks.sh\"\n";
			showEnvVarsInLog = 0;
		};
/* End PBXShellScriptBuildPhase section */

/* Begin PBXSourcesBuildPhase section */
		52AA265828116BC20028CCCC /* Sources */ = {
			isa = PBXSourcesBuildPhase;
			buildActionMask = 2147483647;
			files = (
				52AA26882812B4730028CCCC /* UIView + Extensions.swift in Sources */,
				52D921DF2813200D005A7FF5 /* WorkautTableViewCell.swift in Sources */,
				52392B772814634900D2F971 /* MainTabBarController.swift in Sources */,
				52AA267C2811B3E30028CCCC /* WeatherView.swift in Sources */,
				52AA266428116BC20028CCCC /* MainViewController.swift in Sources */,
				52392B702813E9A700D2F971 /* StaticViewController.swift in Sources */,
				52AA266028116BC20028CCCC /* AppDelegate.swift in Sources */,
				52392B8A281697BD00D2F971 /* Date + Extencion.swift in Sources */,
				52392B85281676BB00D2F971 /* WorkoutModel.swift in Sources */,
				52D921DD2813050A005A7FF5 /* CallendarCollectionViewCell.swift in Sources */,
				52D921E12813276B005A7FF5 /* UIStackView + Extension.swift in Sources */,
				52AA267F2812AD350028CCCC /* UIColor + Extensions.swift in Sources */,
				52AA267A28117EEE0028CCCC /* CalendarView.swift in Sources */,
				52392B722813FBE000D2F971 /* UILabel + Extension.swift in Sources */,
				52392B7E28152E0A00D2F971 /* RepsOrTimeView.swift in Sources */,
				52AA26812812AD520028CCCC /* UIFont + Extension.swift in Sources */,
				52392B8D2816BE4E00D2F971 /* SimpleAlert.swift in Sources */,
				52392B7928146A0A00D2F971 /* NewWorkoutViewController.swift in Sources */,
				52392B752814030A00D2F971 /* StatisticTableViewCell.swift in Sources */,
				52392B882816798200D2F971 /* RealmManager.swift in Sources */,
				52AA266228116BC20028CCCC /* SceneDelegate.swift in Sources */,
				52392B7C28152DEF00D2F971 /* DateAndRepeatView.swift in Sources */,
			);
			runOnlyForDeploymentPostprocessing = 0;
		};
/* End PBXSourcesBuildPhase section */

/* Begin PBXVariantGroup section */
		52AA266A28116BC40028CCCC /* LaunchScreen.storyboard */ = {
			isa = PBXVariantGroup;
			children = (
				52AA266B28116BC40028CCCC /* Base */,
			);
			name = LaunchScreen.storyboard;
			sourceTree = "<group>";
		};
/* End PBXVariantGroup section */

/* Begin XCBuildConfiguration section */
		52AA266E28116BC40028CCCC /* Debug */ = {
			isa = XCBuildConfiguration;
			buildSettings = {
				ALWAYS_SEARCH_USER_PATHS = NO;
				CLANG_ANALYZER_NONNULL = YES;
				CLANG_ANALYZER_NUMBER_OBJECT_CONVERSION = YES_AGGRESSIVE;
				CLANG_CXX_LANGUAGE_STANDARD = "gnu++17";
				CLANG_CXX_LIBRARY = "libc++";
				CLANG_ENABLE_MODULES = YES;
				CLANG_ENABLE_OBJC_ARC = YES;
				CLANG_ENABLE_OBJC_WEAK = YES;
				CLANG_WARN_BLOCK_CAPTURE_AUTORELEASING = YES;
				CLANG_WARN_BOOL_CONVERSION = YES;
				CLANG_WARN_COMMA = YES;
				CLANG_WARN_CONSTANT_CONVERSION = YES;
				CLANG_WARN_DEPRECATED_OBJC_IMPLEMENTATIONS = YES;
				CLANG_WARN_DIRECT_OBJC_ISA_USAGE = YES_ERROR;
				CLANG_WARN_DOCUMENTATION_COMMENTS = YES;
				CLANG_WARN_EMPTY_BODY = YES;
				CLANG_WARN_ENUM_CONVERSION = YES;
				CLANG_WARN_INFINITE_RECURSION = YES;
				CLANG_WARN_INT_CONVERSION = YES;
				CLANG_WARN_NON_LITERAL_NULL_CONVERSION = YES;
				CLANG_WARN_OBJC_IMPLICIT_RETAIN_SELF = YES;
				CLANG_WARN_OBJC_LITERAL_CONVERSION = YES;
				CLANG_WARN_OBJC_ROOT_CLASS = YES_ERROR;
				CLANG_WARN_QUOTED_INCLUDE_IN_FRAMEWORK_HEADER = YES;
				CLANG_WARN_RANGE_LOOP_ANALYSIS = YES;
				CLANG_WARN_STRICT_PROTOTYPES = YES;
				CLANG_WARN_SUSPICIOUS_MOVE = YES;
				CLANG_WARN_UNGUARDED_AVAILABILITY = YES_AGGRESSIVE;
				CLANG_WARN_UNREACHABLE_CODE = YES;
				CLANG_WARN__DUPLICATE_METHOD_MATCH = YES;
				COPY_PHASE_STRIP = NO;
				DEBUG_INFORMATION_FORMAT = dwarf;
				ENABLE_STRICT_OBJC_MSGSEND = YES;
				ENABLE_TESTABILITY = YES;
				GCC_C_LANGUAGE_STANDARD = gnu11;
				GCC_DYNAMIC_NO_PIC = NO;
				GCC_NO_COMMON_BLOCKS = YES;
				GCC_OPTIMIZATION_LEVEL = 0;
				GCC_PREPROCESSOR_DEFINITIONS = (
					"DEBUG=1",
					"$(inherited)",
				);
				GCC_WARN_64_TO_32_BIT_CONVERSION = YES;
				GCC_WARN_ABOUT_RETURN_TYPE = YES_ERROR;
				GCC_WARN_UNDECLARED_SELECTOR = YES;
				GCC_WARN_UNINITIALIZED_AUTOS = YES_AGGRESSIVE;
				GCC_WARN_UNUSED_FUNCTION = YES;
				GCC_WARN_UNUSED_VARIABLE = YES;
				IPHONEOS_DEPLOYMENT_TARGET = 15.0;
				MTL_ENABLE_DEBUG_INFO = INCLUDE_SOURCE;
				MTL_FAST_MATH = YES;
				ONLY_ACTIVE_ARCH = YES;
				SDKROOT = iphoneos;
				SWIFT_ACTIVE_COMPILATION_CONDITIONS = DEBUG;
				SWIFT_OPTIMIZATION_LEVEL = "-Onone";
			};
			name = Debug;
		};
		52AA266F28116BC40028CCCC /* Release */ = {
			isa = XCBuildConfiguration;
			buildSettings = {
				ALWAYS_SEARCH_USER_PATHS = NO;
				CLANG_ANALYZER_NONNULL = YES;
				CLANG_ANALYZER_NUMBER_OBJECT_CONVERSION = YES_AGGRESSIVE;
				CLANG_CXX_LANGUAGE_STANDARD = "gnu++17";
				CLANG_CXX_LIBRARY = "libc++";
				CLANG_ENABLE_MODULES = YES;
				CLANG_ENABLE_OBJC_ARC = YES;
				CLANG_ENABLE_OBJC_WEAK = YES;
				CLANG_WARN_BLOCK_CAPTURE_AUTORELEASING = YES;
				CLANG_WARN_BOOL_CONVERSION = YES;
				CLANG_WARN_COMMA = YES;
				CLANG_WARN_CONSTANT_CONVERSION = YES;
				CLANG_WARN_DEPRECATED_OBJC_IMPLEMENTATIONS = YES;
				CLANG_WARN_DIRECT_OBJC_ISA_USAGE = YES_ERROR;
				CLANG_WARN_DOCUMENTATION_COMMENTS = YES;
				CLANG_WARN_EMPTY_BODY = YES;
				CLANG_WARN_ENUM_CONVERSION = YES;
				CLANG_WARN_INFINITE_RECURSION = YES;
				CLANG_WARN_INT_CONVERSION = YES;
				CLANG_WARN_NON_LITERAL_NULL_CONVERSION = YES;
				CLANG_WARN_OBJC_IMPLICIT_RETAIN_SELF = YES;
				CLANG_WARN_OBJC_LITERAL_CONVERSION = YES;
				CLANG_WARN_OBJC_ROOT_CLASS = YES_ERROR;
				CLANG_WARN_QUOTED_INCLUDE_IN_FRAMEWORK_HEADER = YES;
				CLANG_WARN_RANGE_LOOP_ANALYSIS = YES;
				CLANG_WARN_STRICT_PROTOTYPES = YES;
				CLANG_WARN_SUSPICIOUS_MOVE = YES;
				CLANG_WARN_UNGUARDED_AVAILABILITY = YES_AGGRESSIVE;
				CLANG_WARN_UNREACHABLE_CODE = YES;
				CLANG_WARN__DUPLICATE_METHOD_MATCH = YES;
				COPY_PHASE_STRIP = NO;
				DEBUG_INFORMATION_FORMAT = "dwarf-with-dsym";
				ENABLE_NS_ASSERTIONS = NO;
				ENABLE_STRICT_OBJC_MSGSEND = YES;
				GCC_C_LANGUAGE_STANDARD = gnu11;
				GCC_NO_COMMON_BLOCKS = YES;
				GCC_WARN_64_TO_32_BIT_CONVERSION = YES;
				GCC_WARN_ABOUT_RETURN_TYPE = YES_ERROR;
				GCC_WARN_UNDECLARED_SELECTOR = YES;
				GCC_WARN_UNINITIALIZED_AUTOS = YES_AGGRESSIVE;
				GCC_WARN_UNUSED_FUNCTION = YES;
				GCC_WARN_UNUSED_VARIABLE = YES;
				IPHONEOS_DEPLOYMENT_TARGET = 15.0;
				MTL_ENABLE_DEBUG_INFO = NO;
				MTL_FAST_MATH = YES;
				SDKROOT = iphoneos;
				SWIFT_COMPILATION_MODE = wholemodule;
				SWIFT_OPTIMIZATION_LEVEL = "-O";
				VALIDATE_PRODUCT = YES;
			};
			name = Release;
		};
		52AA267128116BC40028CCCC /* Debug */ = {
			isa = XCBuildConfiguration;
			baseConfigurationReference = 06A18814F2004BB97796679B /* Pods-MyWorkout.debug.xcconfig */;
			buildSettings = {
				ASSETCATALOG_COMPILER_APPICON_NAME = AppIcon;
				ASSETCATALOG_COMPILER_GLOBAL_ACCENT_COLOR_NAME = AccentColor;
				CODE_SIGN_STYLE = Automatic;
				CURRENT_PROJECT_VERSION = 1;
				DEVELOPMENT_TEAM = 553DP5SJ57;
				GENERATE_INFOPLIST_FILE = YES;
				INFOPLIST_FILE = MyWorkout/Resources/Info.plist;
				INFOPLIST_KEY_UIApplicationSupportsIndirectInputEvents = YES;
				INFOPLIST_KEY_UILaunchStoryboardName = LaunchScreen;
				INFOPLIST_KEY_UISupportedInterfaceOrientations = UIInterfaceOrientationPortrait;
				INFOPLIST_KEY_UISupportedInterfaceOrientations_iPad = "UIInterfaceOrientationPortrait UIInterfaceOrientationPortraitUpsideDown UIInterfaceOrientationLandscapeLeft UIInterfaceOrientationLandscapeRight";
				INFOPLIST_KEY_UISupportedInterfaceOrientations_iPhone = "UIInterfaceOrientationPortrait UIInterfaceOrientationLandscapeLeft UIInterfaceOrientationLandscapeRight";
				IPHONEOS_DEPLOYMENT_TARGET = 13.0;
				LD_RUNPATH_SEARCH_PATHS = (
					"$(inherited)",
					"@executable_path/Frameworks",
				);
				MARKETING_VERSION = 1.0;
				PRODUCT_BUNDLE_IDENTIFIER = ASaidaxmad.MyWorkout;
				PRODUCT_NAME = "$(TARGET_NAME)";
				SWIFT_EMIT_LOC_STRINGS = YES;
				SWIFT_VERSION = 5.0;
				TARGETED_DEVICE_FAMILY = 1;
			};
			name = Debug;
		};
		52AA267228116BC40028CCCC /* Release */ = {
			isa = XCBuildConfiguration;
			baseConfigurationReference = 2B0FA2ACAB4CF6D556D78018 /* Pods-MyWorkout.release.xcconfig */;
			buildSettings = {
				ASSETCATALOG_COMPILER_APPICON_NAME = AppIcon;
				ASSETCATALOG_COMPILER_GLOBAL_ACCENT_COLOR_NAME = AccentColor;
				CODE_SIGN_STYLE = Automatic;
				CURRENT_PROJECT_VERSION = 1;
				DEVELOPMENT_TEAM = 553DP5SJ57;
				GENERATE_INFOPLIST_FILE = YES;
				INFOPLIST_FILE = MyWorkout/Resources/Info.plist;
				INFOPLIST_KEY_UIApplicationSupportsIndirectInputEvents = YES;
				INFOPLIST_KEY_UILaunchStoryboardName = LaunchScreen;
				INFOPLIST_KEY_UISupportedInterfaceOrientations = UIInterfaceOrientationPortrait;
				INFOPLIST_KEY_UISupportedInterfaceOrientations_iPad = "UIInterfaceOrientationPortrait UIInterfaceOrientationPortraitUpsideDown UIInterfaceOrientationLandscapeLeft UIInterfaceOrientationLandscapeRight";
				INFOPLIST_KEY_UISupportedInterfaceOrientations_iPhone = "UIInterfaceOrientationPortrait UIInterfaceOrientationLandscapeLeft UIInterfaceOrientationLandscapeRight";
				IPHONEOS_DEPLOYMENT_TARGET = 13.0;
				LD_RUNPATH_SEARCH_PATHS = (
					"$(inherited)",
					"@executable_path/Frameworks",
				);
				MARKETING_VERSION = 1.0;
				PRODUCT_BUNDLE_IDENTIFIER = ASaidaxmad.MyWorkout;
				PRODUCT_NAME = "$(TARGET_NAME)";
				SWIFT_EMIT_LOC_STRINGS = YES;
				SWIFT_VERSION = 5.0;
				TARGETED_DEVICE_FAMILY = 1;
			};
			name = Release;
		};
/* End XCBuildConfiguration section */

/* Begin XCConfigurationList section */
		52AA265728116BC20028CCCC /* Build configuration list for PBXProject "MyWorkout" */ = {
			isa = XCConfigurationList;
			buildConfigurations = (
				52AA266E28116BC40028CCCC /* Debug */,
				52AA266F28116BC40028CCCC /* Release */,
			);
			defaultConfigurationIsVisible = 0;
			defaultConfigurationName = Release;
		};
		52AA267028116BC40028CCCC /* Build configuration list for PBXNativeTarget "MyWorkout" */ = {
			isa = XCConfigurationList;
			buildConfigurations = (
				52AA267128116BC40028CCCC /* Debug */,
				52AA267228116BC40028CCCC /* Release */,
			);
			defaultConfigurationIsVisible = 0;
			defaultConfigurationName = Release;
		};
/* End XCConfigurationList section */
	};
	rootObject = 52AA265428116BC20028CCCC /* Project object */;
}
